{
  "requires": true,
  "lockfileVersion": 1,
  "dependencies": {
    "ngx-toastr": {
      "version": "13.2.1",
      "resolved": "https://registry.npmjs.org/ngx-toastr/-/ngx-toastr-13.2.1.tgz",
      "integrity": "sha512-UAzp7/xWK9IXA2LsOmhpaaIGCqscvJokoQpBNpAMrjEkDeSlFf8PWQAuQY795KW0mJb3qF9UG/s23nsXfMYKmg==",
      "requires": {
        "tslib": "^2.0.0"
      },
      "dependencies": {
        "tslib": {
          "version": "2.3.1",
          "resolved": "https://registry.npmjs.org/tslib/-/tslib-2.3.1.tgz",
          "integrity": "sha512-77EbyPPpMz+FRFRuAFlWMtmgUWGe9UOG2Z25NqCwiIjRhOf5iKGuzSe5P2w1laq+FkRy4p+PCuVkJSGkzTEKVw=="
        }
      }
    },
    "tslib": {
      "version": "1.14.1",
      "resolved": "https://registry.npmjs.org/tslib/-/tslib-1.14.1.tgz",
      "integrity": "sha512-Xni35NKzjgMrwevysHTCArtLDpPvye8zV/0E4EyYn43P7/7qvQwPh9BGkHewbMulVntbigmcT7rdX3BNo9wRJg=="
    }
  }
}
